
Microsoft Visual Studio Solution File, Format Version 12.00
# Visual Studio Version 16
VisualStudioVersion = 16.0.30804.86
MinimumVisualStudioVersion = 10.0.40219.1
Project("{FAE04EC0-301F-11D3-BF4B-00C04F79EFBC}") = "PartyInvites", "PartyInvites.csproj", "{21F68024-037A-494D-A888-43151C0968DA}"
EndProject
Global
	GlobalSection(SolutionConfigurationPlatforms) = preSolution
		Debug|Any CPU = Debug|Any CPU
		Release|Any CPU = Release|Any CPU
	EndGlobalSection
	GlobalSection(ProjectConfigurationPlatforms) = postSolution
		{21F68024-037A-494D-A888-43151C0968DA}.Debug|Any CPU.ActiveCfg = Debug|Any CPU
		{21F68024-037A-494D-A888-43151C0968DA}.Debug|Any CPU.Build.0 = Debug|Any CPU
		{21F68024-037A-494D-A888-43151C0968DA}.Release|Any CPU.ActiveCfg = Release|Any CPU
		{21F68024-037A-494D-A888-43151C0968DA}.Release|Any CPU.Build.0 = Release|Any CPU
	EndGlobalSection
	GlobalSection(SolutionProperties) = preSolution
		HideSolutionNode = FALSE
	EndGlobalSection
	GlobalSection(ExtensibilityGlobals) = postSolution
		SolutionGuid = {20AE1E02-68BB-4A57-9630-898C573613D3}
	EndGlobalSection
EndGlobal
